
Microsoft Visual Studio Solution File, Format Version 12.00
# Visual Studio Version 17
VisualStudioVersion = 17.9.34607.119
MinimumVisualStudioVersion = 10.0.40219.1
Project("{2150E333-8FDC-42A3-9474-1A3956D46DE8}") = "Services", "Services", "{5862BDA9-F6C1-4EE8-9156-50BB8F4DDA1F}"
EndProject
Project("{2150E333-8FDC-42A3-9474-1A3956D46DE8}") = "Catalog", "Catalog", "{A3262E46-984C-415E-B7EC-04973DC10882}"
EndProject
Project("{9A19103F-16F7-4668-BE54-9A1E7A4F7556}") = "Catalog.API", "Services\Catalog\Catalog.API\Catalog.API.csproj", "{3A0722CC-AB61-43FC-9A95-E532F2A924C8}"
EndProject
Project("{2150E333-8FDC-42A3-9474-1A3956D46DE8}") = "BuildingBlocks", "BuildingBlocks", "{1291C2CA-7DD6-47E1-8EC5-80C4276B4990}"
EndProject
Project("{9A19103F-16F7-4668-BE54-9A1E7A4F7556}") = "BuildingBlocks", "BuildingBlocks\BuildingBlocks\BuildingBlocks.csproj", "{D46BF58A-C7D4-40C8-9B0D-ED96C8F43E6B}"
EndProject
Project("{E53339B2-1760-4266-BCC7-CA923CBCF16C}") = "docker-compose", "docker-compose.dcproj", "{D4C30D76-243E-4691-BBEE-D888D265FE71}"
EndProject
Global
	GlobalSection(SolutionConfigurationPlatforms) = preSolution
		Debug|Any CPU = Debug|Any CPU
		Release|Any CPU = Release|Any CPU
	EndGlobalSection
	GlobalSection(ProjectConfigurationPlatforms) = postSolution
		{3A0722CC-AB61-43FC-9A95-E532F2A924C8}.Debug|Any CPU.ActiveCfg = Debug|Any CPU
		{3A0722CC-AB61-43FC-9A95-E532F2A924C8}.Debug|Any CPU.Build.0 = Debug|Any CPU
		{3A0722CC-AB61-43FC-9A95-E532F2A924C8}.Release|Any CPU.ActiveCfg = Release|Any CPU
		{3A0722CC-AB61-43FC-9A95-E532F2A924C8}.Release|Any CPU.Build.0 = Release|Any CPU
		{D46BF58A-C7D4-40C8-9B0D-ED96C8F43E6B}.Debug|Any CPU.ActiveCfg = Debug|Any CPU
		{D46BF58A-C7D4-40C8-9B0D-ED96C8F43E6B}.Debug|Any CPU.Build.0 = Debug|Any CPU
		{D46BF58A-C7D4-40C8-9B0D-ED96C8F43E6B}.Release|Any CPU.ActiveCfg = Release|Any CPU
		{D46BF58A-C7D4-40C8-9B0D-ED96C8F43E6B}.Release|Any CPU.Build.0 = Release|Any CPU
		{D4C30D76-243E-4691-BBEE-D888D265FE71}.Debug|Any CPU.ActiveCfg = Debug|Any CPU
		{D4C30D76-243E-4691-BBEE-D888D265FE71}.Debug|Any CPU.Build.0 = Debug|Any CPU
		{D4C30D76-243E-4691-BBEE-D888D265FE71}.Release|Any CPU.ActiveCfg = Release|Any CPU
		{D4C30D76-243E-4691-BBEE-D888D265FE71}.Release|Any CPU.Build.0 = Release|Any CPU
	EndGlobalSection
	GlobalSection(SolutionProperties) = preSolution
		HideSolutionNode = FALSE
	EndGlobalSection
	GlobalSection(NestedProjects) = preSolution
		{A3262E46-984C-415E-B7EC-04973DC10882} = {5862BDA9-F6C1-4EE8-9156-50BB8F4DDA1F}
		{3A0722CC-AB61-43FC-9A95-E532F2A924C8} = {A3262E46-984C-415E-B7EC-04973DC10882}
		{D46BF58A-C7D4-40C8-9B0D-ED96C8F43E6B} = {1291C2CA-7DD6-47E1-8EC5-80C4276B4990}
	EndGlobalSection
	GlobalSection(ExtensibilityGlobals) = postSolution
		SolutionGuid = {4F008C73-B4A6-41D1-BC2E-C9FEC008D993}
	EndGlobalSection
EndGlobal
